
Microsoft Visual Studio Solution File, Format Version 12.00
# Visual Studio Version 16
VisualStudioVersion = 16.0.31729.503
MinimumVisualStudioVersion = 10.0.40219.1
Project("{FAE04EC0-301F-11D3-BF4B-00C04F79EFBC}") = "WebAppElastic", "WebAppElastic.csproj", "{7C3E52AC-CE30-449B-9CC5-5F95B2D8B60B}"
EndProject
Global
	GlobalSection(SolutionConfigurationPlatforms) = preSolution
		Debug|Any CPU = Debug|Any CPU
		Release|Any CPU = Release|Any CPU
	EndGlobalSection
	GlobalSection(ProjectConfigurationPlatforms) = postSolution
		{7C3E52AC-CE30-449B-9CC5-5F95B2D8B60B}.Debug|Any CPU.ActiveCfg = Debug|Any CPU
		{7C3E52AC-CE30-449B-9CC5-5F95B2D8B60B}.Debug|Any CPU.Build.0 = Debug|Any CPU
		{7C3E52AC-CE30-449B-9CC5-5F95B2D8B60B}.Release|Any CPU.ActiveCfg = Release|Any CPU
		{7C3E52AC-CE30-449B-9CC5-5F95B2D8B60B}.Release|Any CPU.Build.0 = Release|Any CPU
	EndGlobalSection
	GlobalSection(SolutionProperties) = preSolution
		HideSolutionNode = FALSE
	EndGlobalSection
	GlobalSection(ExtensibilityGlobals) = postSolution
		SolutionGuid = {F9AC186F-C653-42E5-9171-D4A07E10F37B}
	EndGlobalSection
EndGlobal
